// !$*UTF8*$!
{
	archiveVersion = 1;
	classes = {
	};
	objectVersion = 46;
	objects = {

/* Begin PBXBuildFile section */
		58140E5E1D7B9FCB00F3FEDC /* AppDelegate.swift in Sources */ = {isa = PBXBuildFile; fileRef = 58140E5D1D7B9FCB00F3FEDC /* AppDelegate.swift */; };
		58140E601D7B9FCB00F3FEDC /* ViewController.swift in Sources */ = {isa = PBXBuildFile; fileRef = 58140E5F1D7B9FCB00F3FEDC /* ViewController.swift */; };
		58140E631D7B9FCB00F3FEDC /* Main.storyboard in Resources */ = {isa = PBXBuildFile; fileRef = 58140E611D7B9FCB00F3FEDC /* Main.storyboard */; };
		58140E651D7B9FCB00F3FEDC /* Assets.xcassets in Resources */ = {isa = PBXBuildFile; fileRef = 58140E641D7B9FCB00F3FEDC /* Assets.xcassets */; };
		58140E681D7B9FCB00F3FEDC /* LaunchScreen.storyboard in Resources */ = {isa = PBXBuildFile; fileRef = 58140E661D7B9FCB00F3FEDC /* LaunchScreen.storyboard */; };
/* End PBXBuildFile section */

/* Begin PBXFileReference section */
		58140E5A1D7B9FCB00F3FEDC /* pokedex.app */ = {isa = PBXFileReference; explicitFileType = wrapper.application; includeInIndex = 0; path = pokedex.app; sourceTree = BUILT_PRODUCTS_DIR; };
		58140E5D1D7B9FCB00F3FEDC /* AppDelegate.swift */ = {isa = PBXFileReference; lastKnownFileType = sourcecode.swift; path = AppDelegate.swift; sourceTree = "<group>"; };
		58140E5F1D7B9FCB00F3FEDC /* ViewController.swift */ = {isa = PBXFileReference; lastKnownFileType = sourcecode.swift; path = ViewController.swift; sourceTree = "<group>"; };
		58140E621D7B9FCB00F3FEDC /* Base */ = {isa = PBXFileReference; lastKnownFileType = file.storyboard; name = Base; path = Base.lproj/Main.storyboard; sourceTree = "<group>"; };
		58140E641D7B9FCB00F3FEDC /* Assets.xcassets */ = {isa = PBXFileReference; lastKnownFileType = folder.assetcatalog; path = Assets.xcassets; sourceTree = "<group>"; };
		58140E671D7B9FCB00F3FEDC /* Base */ = {isa = PBXFileReference; lastKnownFileType = file.storyboard; name = Base; path = Base.lproj/LaunchScreen.storyboard; sourceTree = "<group>"; };
		58140E691D7B9FCB00F3FEDC /* Info.plist */ = {isa = PBXFileReference; lastKnownFileType = text.plist.xml; path = Info.plist; sourceTree = "<group>"; };
/* End PBXFileReference section */

/* Begin PBXFrameworksBuildPhase section */
		58140E571D7B9FCB00F3FEDC /* Frameworks */ = {
			isa = PBXFrameworksBuildPhase;
			buildActionMask = 2147483647;
			files = (
			);
			runOnlyForDeploymentPostprocessing = 0;
		};
/* End PBXFrameworksBuildPhase section */

/* Begin PBXGroup section */
		58140E511D7B9FCB00F3FEDC = {
			isa = PBXGroup;
			children = (
				58140E5C1D7B9FCB00F3FEDC /* pokedex */,
				58140E5B1D7B9FCB00F3FEDC /* Products */,
			);
			sourceTree = "<group>";
		};
		58140E5B1D7B9FCB00F3FEDC /* Products */ = {
			isa = PBXGroup;
			children = (
				58140E5A1D7B9FCB00F3FEDC /* pokedex.app */,
			);
			name = Products;
			sourceTree = "<group>";
		};
		58140E5C1D7B9FCB00F3FEDC /* pokedex */ = {
			isa = PBXGroup;
			children = (
				58140E5D1D7B9FCB00F3FEDC /* AppDelegate.swift */,
				58140E5F1D7B9FCB00F3FEDC /* ViewController.swift */,
				58140E611D7B9FCB00F3FEDC /* Main.storyboard */,
				58140E641D7B9FCB00F3FEDC /* Assets.xcassets */,
				58140E661D7B9FCB00F3FEDC /* LaunchScreen.storyboard */,
				58140E691D7B9FCB00F3FEDC /* Info.plist */,
			);
			path = pokedex;
			sourceTree = "<group>";
		};
/* End PBXGroup section */

/* Begin PBXNativeTarget section */
		58140E591D7B9FCB00F3FEDC /* pokedex */ = {
			isa = PBXNativeTarget;
			buildConfigurationList = 58140E6C1D7B9FCB00F3FEDC /* Build configuration list for PBXNativeTarget "pokedex" */;
			buildPhases = (
				58140E561D7B9FCB00F3FEDC /* Sources */,
				58140E571D7B9FCB00F3FEDC /* Frameworks */,
				58140E581D7B9FCB00F3FEDC /* Resources */,
			);
			buildRules = (
			);
			dependencies = (
			);
			name = pokedex;
			productName = pokedex;
			productReference = 58140E5A1D7B9FCB00F3FEDC /* pokedex.app */;
			productType = "com.apple.product-type.application";
		};
/* End PBXNativeTarget section */

/* Begin PBXProject section */
		58140E521D7B9FCB00F3FEDC /* Project object */ = {
			isa = PBXProject;
			attributes = {
				LastSwiftUpdateCheck = 0800;
				LastUpgradeCheck = 0800;
				ORGANIZATIONNAME = "Minwei Xu";
				TargetAttributes = {
					58140E591D7B9FCB00F3FEDC = {
						CreatedOnToolsVersion = 8.0;
						DevelopmentTeam = CJV5TM2T7H;
						ProvisioningStyle = Automatic;
					};
				};
			};
			buildConfigurationList = 58140E551D7B9FCB00F3FEDC /* Build configuration list for PBXProject "pokedex" */;
			compatibilityVersion = "Xcode 3.2";
			developmentRegion = English;
			hasScannedForEncodings = 0;
			knownRegions = (
				en,
				Base,
			);
			mainGroup = 58140E511D7B9FCB00F3FEDC;
			productRefGroup = 58140E5B1D7B9FCB00F3FEDC /* Products */;
			projectDirPath = "";
			projectRoot = "";
			targets = (
				58140E591D7B9FCB00F3FEDC /* pokedex */,
			);
		};
/* End PBXProject section */

/* Begin PBXResourcesBuildPhase section */
		58140E581D7B9FCB00F3FEDC /* Resources */ = {
			isa = PBXResourcesBuildPhase;
			buildActionMask = 2147483647;
			files = (
				58140E681D7B9FCB00F3FEDC /* LaunchScreen.storyboard in Resources */,
				58140E651D7B9FCB00F3FEDC /* Assets.xcassets in Resources */,
				58140E631D7B9FCB00F3FEDC /* Main.storyboard in Resources */,
			);
			runOnlyForDeploymentPostprocessing = 0;
		};
/* End PBXResourcesBuildPhase section */

/* Begin PBXSourcesBuildPhase section */
		58140E561D7B9FCB00F3FEDC /* Sources */ = {
			isa = PBXSourcesBuildPhase;
			buildActionMask = 2147483647;
			files = (
				58140E601D7B9FCB00F3FEDC /* ViewController.swift in Sources */,
				58140E5E1D7B9FCB00F3FEDC /* AppDelegate.swift in Sources */,
			);
			runOnlyForDeploymentPostprocessing = 0;
		};
/* End PBXSourcesBuildPhase section */

/* Begin PBXVariantGroup section */
		58140E611D7B9FCB00F3FEDC /* Main.storyboard */ = {
			isa = PBXVariantGroup;
			children = (
				58140E621D7B9FCB00F3FEDC /* Base */,
			);
			name = Main.storyboard;
			sourceTree = "<group>";
		};
		58140E661D7B9FCB00F3FEDC /* LaunchScreen.storyboard */ = {
			isa = PBXVariantGroup;
			children = (
				58140E671D7B9FCB00F3FEDC /* Base */,
			);
			name = LaunchScreen.storyboard;
			sourceTree = "<group>";
		};
/* End PBXVariantGroup section */

/* Begin XCBuildConfiguration section */
		58140E6A1D7B9FCB00F3FEDC /* Debug */ = {
			isa = XCBuildConfiguration;
			buildSettings = {
				ALWAYS_SEARCH_USER_PATHS = NO;
				CLANG_ANALYZER_NONNULL = YES;
				CLANG_CXX_LANGUAGE_STANDARD = "gnu++0x";
				CLANG_CXX_LIBRARY = "libc++";
				CLANG_ENABLE_MODULES = YES;
				CLANG_ENABLE_OBJC_ARC = YES;
				CLANG_WARN_BOOL_CONVERSION = YES;
				CLANG_WARN_CONSTANT_CONVERSION = YES;
				CLANG_WARN_DIRECT_OBJC_ISA_USAGE = YES_ERROR;
				CLANG_WARN_DOCUMENTATION_COMMENTS = YES;
				CLANG_WARN_EMPTY_BODY = YES;
				CLANG_WARN_ENUM_CONVERSION = YES;
				CLANG_WARN_INFINITE_RECURSION = YES;
				CLANG_WARN_INT_CONVERSION = YES;
				CLANG_WARN_OBJC_ROOT_CLASS = YES_ERROR;
				CLANG_WARN_SUSPICIOUS_MOVES = YES;
				CLANG_WARN_UNREACHABLE_CODE = YES;
				CLANG_WARN__DUPLICATE_METHOD_MATCH = YES;
				"CODE_SIGN_IDENTITY[sdk=iphoneos*]" = "iPhone Developer";
				COPY_PHASE_STRIP = NO;
				DEBUG_INFORMATION_FORMAT = dwarf;
				ENABLE_STRICT_OBJC_MSGSEND = YES;
				ENABLE_TESTABILITY = YES;
				GCC_C_LANGUAGE_STANDARD = gnu99;
				GCC_DYNAMIC_NO_PIC = NO;
				GCC_NO_COMMON_BLOCKS = YES;
				GCC_OPTIMIZATION_LEVEL = 0;
				GCC_PREPROCESSOR_DEFINITIONS = (
					"DEBUG=1",
					"$(inherited)",
				);
				GCC_WARN_64_TO_32_BIT_CONVERSION = YES;
				GCC_WARN_ABOUT_RETURN_TYPE = YES_ERROR;
				GCC_WARN_UNDECLARED_SELECTOR = YES;
				GCC_WARN_UNINITIALIZED_AUTOS = YES_AGGRESSIVE;
				GCC_WARN_UNUSED_FUNCTION = YES;
				GCC_WARN_UNUSED_VARIABLE = YES;
				IPHONEOS_DEPLOYMENT_TARGET = 10.0;
				MTL_ENABLE_DEBUG_INFO = YES;
				ONLY_ACTIVE_ARCH = YES;
				SDKROOT = iphoneos;
				SWIFT_ACTIVE_COMPILATION_CONDITIONS = DEBUG;
				SWIFT_OPTIMIZATION_LEVEL = "-Onone";
			};
			name = Debug;
		};
		58140E6B1D7B9FCB00F3FEDC /* Release */ = {
			isa = XCBuildConfiguration;
			buildSettings = {
				ALWAYS_SEARCH_USER_PATHS = NO;
				CLANG_ANALYZER_NONNULL = YES;
				CLANG_CXX_LANGUAGE_STANDARD = "gnu++0x";
				CLANG_CXX_LIBRARY = "libc++";
				CLANG_ENABLE_MODULES = YES;
				CLANG_ENABLE_OBJC_ARC = YES;
				CLANG_WARN_BOOL_CONVERSION = YES;
				CLANG_WARN_CONSTANT_CONVERSION = YES;
				CLANG_WARN_DIRECT_OBJC_ISA_USAGE = YES_ERROR;
				CLANG_WARN_DOCUMENTATION_COMMENTS = YES;
				CLANG_WARN_EMPTY_BODY = YES;
				CLANG_WARN_ENUM_CONVERSION = YES;
				CLANG_WARN_INFINITE_RECURSION = YES;
				CLANG_WARN_INT_CONVERSION = YES;
				CLANG_WARN_OBJC_ROOT_CLASS = YES_ERROR;
				CLANG_WARN_SUSPICIOUS_MOVES = YES;
				CLANG_WARN_UNREACHABLE_CODE = YES;
				CLANG_WARN__DUPLICATE_METHOD_MATCH = YES;
				"CODE_SIGN_IDENTITY[sdk=iphoneos*]" = "iPhone Developer";
				COPY_PHASE_STRIP = NO;
				DEBUG_INFORMATION_FORMAT = "dwarf-with-dsym";
				ENABLE_NS_ASSERTIONS = NO;
				ENABLE_STRICT_OBJC_MSGSEND = YES;
				GCC_C_LANGUAGE_STANDARD = gnu99;
				GCC_NO_COMMON_BLOCKS = YES;
				GCC_WARN_64_TO_32_BIT_CONVERSION = YES;
				GCC_WARN_ABOUT_RETURN_TYPE = YES_ERROR;
				GCC_WARN_UNDECLARED_SELECTOR = YES;
				GCC_WARN_UNINITIALIZED_AUTOS = YES_AGGRESSIVE;
				GCC_WARN_UNUSED_FUNCTION = YES;
				GCC_WARN_UNUSED_VARIABLE = YES;
				IPHONEOS_DEPLOYMENT_TARGET = 10.0;
				MTL_ENABLE_DEBUG_INFO = NO;
				SDKROOT = iphoneos;
				SWIFT_OPTIMIZATION_LEVEL = "-Owholemodule";
				VALIDATE_PRODUCT = YES;
			};
			name = Release;
		};
		58140E6D1D7B9FCB00F3FEDC /* Debug */ = {
			isa = XCBuildConfiguration;
			buildSettings = {
				ASSETCATALOG_COMPILER_APPICON_NAME = AppIcon;
				DEVELOPMENT_TEAM = CJV5TM2T7H;
				INFOPLIST_FILE = pokedex/Info.plist;
				LD_RUNPATH_SEARCH_PATHS = "$(inherited) @executable_path/Frameworks";
				PRODUCT_BUNDLE_IDENTIFIER = com.vanshady.pokedex;
				PRODUCT_NAME = "$(TARGET_NAME)";
				SWIFT_VERSION = 3.0;
			};
			name = Debug;
		};
		58140E6E1D7B9FCB00F3FEDC /* Release */ = {
			isa = XCBuildConfiguration;
			buildSettings = {
				ASSETCATALOG_COMPILER_APPICON_NAME = AppIcon;
				DEVELOPMENT_TEAM = CJV5TM2T7H;
				INFOPLIST_FILE = pokedex/Info.plist;
				LD_RUNPATH_SEARCH_PATHS = "$(inherited) @executable_path/Frameworks";
				PRODUCT_BUNDLE_IDENTIFIER = com.vanshady.pokedex;
				PRODUCT_NAME = "$(TARGET_NAME)";
				SWIFT_VERSION = 3.0;
			};
			name = Release;
		};
/* End XCBuildConfiguration section */

/* Begin XCConfigurationList section */
		58140E551D7B9FCB00F3FEDC /* Build configuration list for PBXProject "pokedex" */ = {
			isa = XCConfigurationList;
			buildConfigurations = (
				58140E6A1D7B9FCB00F3FEDC /* Debug */,
				58140E6B1D7B9FCB00F3FEDC /* Release */,
			);
			defaultConfigurationIsVisible = 0;
			defaultConfigurationName = Release;
		};
		58140E6C1D7B9FCB00F3FEDC /* Build configuration list for PBXNativeTarget "pokedex" */ = {
			isa = XCConfigurationList;
			buildConfigurations = (
				58140E6D1D7B9FCB00F3FEDC /* Debug */,
				58140E6E1D7B9FCB00F3FEDC /* Release */,
			);
			defaultConfigurationIsVisible = 0;
		};
/* End XCConfigurationList section */
	};
	rootObject = 58140E521D7B9FCB00F3FEDC /* Project object */;
}
